
Microsoft Visual Studio Solution File, Format Version 12.00
# Visual Studio Version 16
VisualStudioVersion = 16.0.29503.13
MinimumVisualStudioVersion = 10.0.40219.1
Project("{FAE04EC0-301F-11D3-BF4B-00C04F79EFBC}") = "Algorithms_Final_V", "Algorithms_Final_V\Algorithms_Final_V.csproj", "{B6276E15-0450-449F-9FCA-250901A3B529}"
EndProject
Global
	GlobalSection(SolutionConfigurationPlatforms) = preSolution
		Debug|Any CPU = Debug|Any CPU
		Release|Any CPU = Release|Any CPU
	EndGlobalSection
	GlobalSection(ProjectConfigurationPlatforms) = postSolution
		{B6276E15-0450-449F-9FCA-250901A3B529}.Debug|Any CPU.ActiveCfg = Debug|Any CPU
		{B6276E15-0450-449F-9FCA-250901A3B529}.Debug|Any CPU.Build.0 = Debug|Any CPU
		{B6276E15-0450-449F-9FCA-250901A3B529}.Release|Any CPU.ActiveCfg = Release|Any CPU
		{B6276E15-0450-449F-9FCA-250901A3B529}.Release|Any CPU.Build.0 = Release|Any CPU
	EndGlobalSection
	GlobalSection(SolutionProperties) = preSolution
		HideSolutionNode = FALSE
	EndGlobalSection
	GlobalSection(ExtensibilityGlobals) = postSolution
		SolutionGuid = {C1C1C60B-93F3-4AF3-B2F8-019AEA2B25F0}
	EndGlobalSection
EndGlobal
